<Solution>
  <Folder Name="/Solution Items/">
    <File Path="CONTRIBUTING.md" />
    <File Path="LICENSE" />
    <File Path="README.md" />
    <File Path="SECURITY.md" />
  </Folder>
  <Project Path="docker-compose.dcproj">
    <Build />
  </Project>
  <Project Path="resumeapp.client/resumeapp.client.esproj">
    <Build />
    <Deploy />
  </Project>
  <Project Path="ResumeApp.Server.Tests/ResumeApp.Server.Tests.csproj" Id="081210f5-0bac-4be5-8b4f-0946d5a30283" />
  <Project Path="ResumeApp.Server/ResumeApp.Server.csproj" />
</Solution>
